// !$*UTF8*$!
{
	archiveVersion = 1;
	classes = {
	};
	objectVersion = 50;
	objects = {

/* Begin PBXBuildFile section */
		7F00C561248338FC008B69B5 /* AppDelegate.swift in Sources */ = {isa = PBXBuildFile; fileRef = 7F00C560248338FC008B69B5 /* AppDelegate.swift */; };
		7F00C563248338FC008B69B5 /* SceneDelegate.swift in Sources */ = {isa = PBXBuildFile; fileRef = 7F00C562248338FC008B69B5 /* SceneDelegate.swift */; };
		7F00C565248338FC008B69B5 /* ViewController.swift in Sources */ = {isa = PBXBuildFile; fileRef = 7F00C564248338FC008B69B5 /* ViewController.swift */; };
		7F00C568248338FC008B69B5 /* Main.storyboard in Resources */ = {isa = PBXBuildFile; fileRef = 7F00C566248338FC008B69B5 /* Main.storyboard */; };
		7F00C56A248338FD008B69B5 /* Assets.xcassets in Resources */ = {isa = PBXBuildFile; fileRef = 7F00C569248338FD008B69B5 /* Assets.xcassets */; };
		7F00C56D248338FD008B69B5 /* LaunchScreen.storyboard in Resources */ = {isa = PBXBuildFile; fileRef = 7F00C56B248338FD008B69B5 /* LaunchScreen.storyboard */; };
		7F00C578248338FE008B69B5 /* NotesTests.swift in Sources */ = {isa = PBXBuildFile; fileRef = 7F00C577248338FE008B69B5 /* NotesTests.swift */; };
		7F00C583248338FE008B69B5 /* NotesUITests.swift in Sources */ = {isa = PBXBuildFile; fileRef = 7F00C582248338FE008B69B5 /* NotesUITests.swift */; };
/* End PBXBuildFile section */

/* Begin PBXContainerItemProxy section */
		7F00C574248338FE008B69B5 /* PBXContainerItemProxy */ = {
			isa = PBXContainerItemProxy;
			containerPortal = 7F00C555248338FC008B69B5 /* Project object */;
			proxyType = 1;
			remoteGlobalIDString = 7F00C55C248338FC008B69B5;
			remoteInfo = Notes;
		};
		7F00C57F248338FE008B69B5 /* PBXContainerItemProxy */ = {
			isa = PBXContainerItemProxy;
			containerPortal = 7F00C555248338FC008B69B5 /* Project object */;
			proxyType = 1;
			remoteGlobalIDString = 7F00C55C248338FC008B69B5;
			remoteInfo = Notes;
		};
/* End PBXContainerItemProxy section */

/* Begin PBXFileReference section */
		7F00C55D248338FC008B69B5 /* Notes.app */ = {isa = PBXFileReference; explicitFileType = wrapper.application; includeInIndex = 0; path = Notes.app; sourceTree = BUILT_PRODUCTS_DIR; };
		7F00C560248338FC008B69B5 /* AppDelegate.swift */ = {isa = PBXFileReference; lastKnownFileType = sourcecode.swift; path = AppDelegate.swift; sourceTree = "<group>"; };
		7F00C562248338FC008B69B5 /* SceneDelegate.swift */ = {isa = PBXFileReference; lastKnownFileType = sourcecode.swift; path = SceneDelegate.swift; sourceTree = "<group>"; };
		7F00C564248338FC008B69B5 /* ViewController.swift */ = {isa = PBXFileReference; lastKnownFileType = sourcecode.swift; path = ViewController.swift; sourceTree = "<group>"; };
		7F00C567248338FC008B69B5 /* Base */ = {isa = PBXFileReference; lastKnownFileType = file.storyboard; name = Base; path = Base.lproj/Main.storyboard; sourceTree = "<group>"; };
		7F00C569248338FD008B69B5 /* Assets.xcassets */ = {isa = PBXFileReference; lastKnownFileType = folder.assetcatalog; path = Assets.xcassets; sourceTree = "<group>"; };
		7F00C56C248338FD008B69B5 /* Base */ = {isa = PBXFileReference; lastKnownFileType = file.storyboard; name = Base; path = Base.lproj/LaunchScreen.storyboard; sourceTree = "<group>"; };
		7F00C56E248338FD008B69B5 /* Info.plist */ = {isa = PBXFileReference; lastKnownFileType = text.plist.xml; path = Info.plist; sourceTree = "<group>"; };
		7F00C573248338FE008B69B5 /* NotesTests.xctest */ = {isa = PBXFileReference; explicitFileType = wrapper.cfbundle; includeInIndex = 0; path = NotesTests.xctest; sourceTree = BUILT_PRODUCTS_DIR; };
		7F00C577248338FE008B69B5 /* NotesTests.swift */ = {isa = PBXFileReference; lastKnownFileType = sourcecode.swift; path = NotesTests.swift; sourceTree = "<group>"; };
		7F00C579248338FE008B69B5 /* Info.plist */ = {isa = PBXFileReference; lastKnownFileType = text.plist.xml; path = Info.plist; sourceTree = "<group>"; };
		7F00C57E248338FE008B69B5 /* NotesUITests.xctest */ = {isa = PBXFileReference; explicitFileType = wrapper.cfbundle; includeInIndex = 0; path = NotesUITests.xctest; sourceTree = BUILT_PRODUCTS_DIR; };
		7F00C582248338FE008B69B5 /* NotesUITests.swift */ = {isa = PBXFileReference; lastKnownFileType = sourcecode.swift; path = NotesUITests.swift; sourceTree = "<group>"; };
		7F00C584248338FE008B69B5 /* Info.plist */ = {isa = PBXFileReference; lastKnownFileType = text.plist.xml; path = Info.plist; sourceTree = "<group>"; };
/* End PBXFileReference section */

/* Begin PBXFrameworksBuildPhase section */
		7F00C55A248338FC008B69B5 /* Frameworks */ = {
			isa = PBXFrameworksBuildPhase;
			buildActionMask = 2147483647;
			files = (
			);
			runOnlyForDeploymentPostprocessing = 0;
		};
		7F00C570248338FE008B69B5 /* Frameworks */ = {
			isa = PBXFrameworksBuildPhase;
			buildActionMask = 2147483647;
			files = (
			);
			runOnlyForDeploymentPostprocessing = 0;
		};
		7F00C57B248338FE008B69B5 /* Frameworks */ = {
			isa = PBXFrameworksBuildPhase;
			buildActionMask = 2147483647;
			files = (
			);
			runOnlyForDeploymentPostprocessing = 0;
		};
/* End PBXFrameworksBuildPhase section */

/* Begin PBXGroup section */
		7F00C554248338FC008B69B5 = {
			isa = PBXGroup;
			children = (
				7F00C55F248338FC008B69B5 /* Notes */,
				7F00C576248338FE008B69B5 /* NotesTests */,
				7F00C581248338FE008B69B5 /* NotesUITests */,
				7F00C55E248338FC008B69B5 /* Products */,
			);
			sourceTree = "<group>";
		};
		7F00C55E248338FC008B69B5 /* Products */ = {
			isa = PBXGroup;
			children = (
				7F00C55D248338FC008B69B5 /* Notes.app */,
				7F00C573248338FE008B69B5 /* NotesTests.xctest */,
				7F00C57E248338FE008B69B5 /* NotesUITests.xctest */,
			);
			name = Products;
			sourceTree = "<group>";
		};
		7F00C55F248338FC008B69B5 /* Notes */ = {
			isa = PBXGroup;
			children = (
				7F00C560248338FC008B69B5 /* AppDelegate.swift */,
				7F00C562248338FC008B69B5 /* SceneDelegate.swift */,
				7F00C564248338FC008B69B5 /* ViewController.swift */,
				7F00C566248338FC008B69B5 /* Main.storyboard */,
				7F00C569248338FD008B69B5 /* Assets.xcassets */,
				7F00C56B248338FD008B69B5 /* LaunchScreen.storyboard */,
				7F00C56E248338FD008B69B5 /* Info.plist */,
			);
			path = Notes;
			sourceTree = "<group>";
		};
		7F00C576248338FE008B69B5 /* NotesTests */ = {
			isa = PBXGroup;
			children = (
				7F00C577248338FE008B69B5 /* NotesTests.swift */,
				7F00C579248338FE008B69B5 /* Info.plist */,
			);
			path = NotesTests;
			sourceTree = "<group>";
		};
		7F00C581248338FE008B69B5 /* NotesUITests */ = {
			isa = PBXGroup;
			children = (
				7F00C582248338FE008B69B5 /* NotesUITests.swift */,
				7F00C584248338FE008B69B5 /* Info.plist */,
			);
			path = NotesUITests;
			sourceTree = "<group>";
		};
/* End PBXGroup section */

/* Begin PBXNativeTarget section */
		7F00C55C248338FC008B69B5 /* Notes */ = {
			isa = PBXNativeTarget;
			buildConfigurationList = 7F00C587248338FE008B69B5 /* Build configuration list for PBXNativeTarget "Notes" */;
			buildPhases = (
				7F00C559248338FC008B69B5 /* Sources */,
				7F00C55A248338FC008B69B5 /* Frameworks */,
				7F00C55B248338FC008B69B5 /* Resources */,
			);
			buildRules = (
			);
			dependencies = (
			);
			name = Notes;
			productName = Notes;
			productReference = 7F00C55D248338FC008B69B5 /* Notes.app */;
			productType = "com.apple.product-type.application";
		};
		7F00C572248338FE008B69B5 /* NotesTests */ = {
			isa = PBXNativeTarget;
			buildConfigurationList = 7F00C58A248338FE008B69B5 /* Build configuration list for PBXNativeTarget "NotesTests" */;
			buildPhases = (
				7F00C56F248338FE008B69B5 /* Sources */,
				7F00C570248338FE008B69B5 /* Frameworks */,
				7F00C571248338FE008B69B5 /* Resources */,
			);
			buildRules = (
			);
			dependencies = (
				7F00C575248338FE008B69B5 /* PBXTargetDependency */,
			);
			name = NotesTests;
			productName = NotesTests;
			productReference = 7F00C573248338FE008B69B5 /* NotesTests.xctest */;
			productType = "com.apple.product-type.bundle.unit-test";
		};
		7F00C57D248338FE008B69B5 /* NotesUITests */ = {
			isa = PBXNativeTarget;
			buildConfigurationList = 7F00C58D248338FE008B69B5 /* Build configuration list for PBXNativeTarget "NotesUITests" */;
			buildPhases = (
				7F00C57A248338FE008B69B5 /* Sources */,
				7F00C57B248338FE008B69B5 /* Frameworks */,
				7F00C57C248338FE008B69B5 /* Resources */,
			);
			buildRules = (
			);
			dependencies = (
				7F00C580248338FE008B69B5 /* PBXTargetDependency */,
			);
			name = NotesUITests;
			productName = NotesUITests;
			productReference = 7F00C57E248338FE008B69B5 /* NotesUITests.xctest */;
			productType = "com.apple.product-type.bundle.ui-testing";
		};
/* End PBXNativeTarget section */

/* Begin PBXProject section */
		7F00C555248338FC008B69B5 /* Project object */ = {
			isa = PBXProject;
			attributes = {
				LastSwiftUpdateCheck = 1130;
				LastUpgradeCheck = 1130;
				ORGANIZATIONNAME = yama9112;
				TargetAttributes = {
					7F00C55C248338FC008B69B5 = {
						CreatedOnToolsVersion = 11.3.1;
					};
					7F00C572248338FE008B69B5 = {
						CreatedOnToolsVersion = 11.3.1;
						TestTargetID = 7F00C55C248338FC008B69B5;
					};
					7F00C57D248338FE008B69B5 = {
						CreatedOnToolsVersion = 11.3.1;
						TestTargetID = 7F00C55C248338FC008B69B5;
					};
				};
			};
			buildConfigurationList = 7F00C558248338FC008B69B5 /* Build configuration list for PBXProject "Notes" */;
			compatibilityVersion = "Xcode 9.3";
			developmentRegion = en;
			hasScannedForEncodings = 0;
			knownRegions = (
				en,
				Base,
			);
			mainGroup = 7F00C554248338FC008B69B5;
			productRefGroup = 7F00C55E248338FC008B69B5 /* Products */;
			projectDirPath = "";
			projectRoot = "";
			targets = (
				7F00C55C248338FC008B69B5 /* Notes */,
				7F00C572248338FE008B69B5 /* NotesTests */,
				7F00C57D248338FE008B69B5 /* NotesUITests */,
			);
		};
/* End PBXProject section */

/* Begin PBXResourcesBuildPhase section */
		7F00C55B248338FC008B69B5 /* Resources */ = {
			isa = PBXResourcesBuildPhase;
			buildActionMask = 2147483647;
			files = (
				7F00C56D248338FD008B69B5 /* LaunchScreen.storyboard in Resources */,
				7F00C56A248338FD008B69B5 /* Assets.xcassets in Resources */,
				7F00C568248338FC008B69B5 /* Main.storyboard in Resources */,
			);
			runOnlyForDeploymentPostprocessing = 0;
		};
		7F00C571248338FE008B69B5 /* Resources */ = {
			isa = PBXResourcesBuildPhase;
			buildActionMask = 2147483647;
			files = (
			);
			runOnlyForDeploymentPostprocessing = 0;
		};
		7F00C57C248338FE008B69B5 /* Resources */ = {
			isa = PBXResourcesBuildPhase;
			buildActionMask = 2147483647;
			files = (
			);
			runOnlyForDeploymentPostprocessing = 0;
		};
/* End PBXResourcesBuildPhase section */

/* Begin PBXSourcesBuildPhase section */
		7F00C559248338FC008B69B5 /* Sources */ = {
			isa = PBXSourcesBuildPhase;
			buildActionMask = 2147483647;
			files = (
				7F00C565248338FC008B69B5 /* ViewController.swift in Sources */,
				7F00C561248338FC008B69B5 /* AppDelegate.swift in Sources */,
				7F00C563248338FC008B69B5 /* SceneDelegate.swift in Sources */,
			);
			runOnlyForDeploymentPostprocessing = 0;
		};
		7F00C56F248338FE008B69B5 /* Sources */ = {
			isa = PBXSourcesBuildPhase;
			buildActionMask = 2147483647;
			files = (
				7F00C578248338FE008B69B5 /* NotesTests.swift in Sources */,
			);
			runOnlyForDeploymentPostprocessing = 0;
		};
		7F00C57A248338FE008B69B5 /* Sources */ = {
			isa = PBXSourcesBuildPhase;
			buildActionMask = 2147483647;
			files = (
				7F00C583248338FE008B69B5 /* NotesUITests.swift in Sources */,
			);
			runOnlyForDeploymentPostprocessing = 0;
		};
/* End PBXSourcesBuildPhase section */

/* Begin PBXTargetDependency section */
		7F00C575248338FE008B69B5 /* PBXTargetDependency */ = {
			isa = PBXTargetDependency;
			target = 7F00C55C248338FC008B69B5 /* Notes */;
			targetProxy = 7F00C574248338FE008B69B5 /* PBXContainerItemProxy */;
		};
		7F00C580248338FE008B69B5 /* PBXTargetDependency */ = {
			isa = PBXTargetDependency;
			target = 7F00C55C248338FC008B69B5 /* Notes */;
			targetProxy = 7F00C57F248338FE008B69B5 /* PBXContainerItemProxy */;
		};
/* End PBXTargetDependency section */

/* Begin PBXVariantGroup section */
		7F00C566248338FC008B69B5 /* Main.storyboard */ = {
			isa = PBXVariantGroup;
			children = (
				7F00C567248338FC008B69B5 /* Base */,
			);
			name = Main.storyboard;
			sourceTree = "<group>";
		};
		7F00C56B248338FD008B69B5 /* LaunchScreen.storyboard */ = {
			isa = PBXVariantGroup;
			children = (
				7F00C56C248338FD008B69B5 /* Base */,
			);
			name = LaunchScreen.storyboard;
			sourceTree = "<group>";
		};
/* End PBXVariantGroup section */

/* Begin XCBuildConfiguration section */
		7F00C585248338FE008B69B5 /* Debug */ = {
			isa = XCBuildConfiguration;
			buildSettings = {
				ALWAYS_SEARCH_USER_PATHS = NO;
				CLANG_ANALYZER_NONNULL = YES;
				CLANG_ANALYZER_NUMBER_OBJECT_CONVERSION = YES_AGGRESSIVE;
				CLANG_CXX_LANGUAGE_STANDARD = "gnu++14";
				CLANG_CXX_LIBRARY = "libc++";
				CLANG_ENABLE_MODULES = YES;
				CLANG_ENABLE_OBJC_ARC = YES;
				CLANG_ENABLE_OBJC_WEAK = YES;
				CLANG_WARN_BLOCK_CAPTURE_AUTORELEASING = YES;
				CLANG_WARN_BOOL_CONVERSION = YES;
				CLANG_WARN_COMMA = YES;
				CLANG_WARN_CONSTANT_CONVERSION = YES;
				CLANG_WARN_DEPRECATED_OBJC_IMPLEMENTATIONS = YES;
				CLANG_WARN_DIRECT_OBJC_ISA_USAGE = YES_ERROR;
				CLANG_WARN_DOCUMENTATION_COMMENTS = YES;
				CLANG_WARN_EMPTY_BODY = YES;
				CLANG_WARN_ENUM_CONVERSION = YES;
				CLANG_WARN_INFINITE_RECURSION = YES;
				CLANG_WARN_INT_CONVERSION = YES;
				CLANG_WARN_NON_LITERAL_NULL_CONVERSION = YES;
				CLANG_WARN_OBJC_IMPLICIT_RETAIN_SELF = YES;
				CLANG_WARN_OBJC_LITERAL_CONVERSION = YES;
				CLANG_WARN_OBJC_ROOT_CLASS = YES_ERROR;
				CLANG_WARN_RANGE_LOOP_ANALYSIS = YES;
				CLANG_WARN_STRICT_PROTOTYPES = YES;
				CLANG_WARN_SUSPICIOUS_MOVE = YES;
				CLANG_WARN_UNGUARDED_AVAILABILITY = YES_AGGRESSIVE;
				CLANG_WARN_UNREACHABLE_CODE = YES;
				CLANG_WARN__DUPLICATE_METHOD_MATCH = YES;
				COPY_PHASE_STRIP = NO;
				DEBUG_INFORMATION_FORMAT = dwarf;
				ENABLE_STRICT_OBJC_MSGSEND = YES;
				ENABLE_TESTABILITY = YES;
				GCC_C_LANGUAGE_STANDARD = gnu11;
				GCC_DYNAMIC_NO_PIC = NO;
				GCC_NO_COMMON_BLOCKS = YES;
				GCC_OPTIMIZATION_LEVEL = 0;
				GCC_PREPROCESSOR_DEFINITIONS = (
					"DEBUG=1",
					"$(inherited)",
				);
				GCC_WARN_64_TO_32_BIT_CONVERSION = YES;
				GCC_WARN_ABOUT_RETURN_TYPE = YES_ERROR;
				GCC_WARN_UNDECLARED_SELECTOR = YES;
				GCC_WARN_UNINITIALIZED_AUTOS = YES_AGGRESSIVE;
				GCC_WARN_UNUSED_FUNCTION = YES;
				GCC_WARN_UNUSED_VARIABLE = YES;
				IPHONEOS_DEPLOYMENT_TARGET = 13.2;
				MTL_ENABLE_DEBUG_INFO = INCLUDE_SOURCE;
				MTL_FAST_MATH = YES;
				ONLY_ACTIVE_ARCH = YES;
				SDKROOT = iphoneos;
				SWIFT_ACTIVE_COMPILATION_CONDITIONS = DEBUG;
				SWIFT_OPTIMIZATION_LEVEL = "-Onone";
			};
			name = Debug;
		};
		7F00C586248338FE008B69B5 /* Release */ = {
			isa = XCBuildConfiguration;
			buildSettings = {
				ALWAYS_SEARCH_USER_PATHS = NO;
				CLANG_ANALYZER_NONNULL = YES;
				CLANG_ANALYZER_NUMBER_OBJECT_CONVERSION = YES_AGGRESSIVE;
				CLANG_CXX_LANGUAGE_STANDARD = "gnu++14";
				CLANG_CXX_LIBRARY = "libc++";
				CLANG_ENABLE_MODULES = YES;
				CLANG_ENABLE_OBJC_ARC = YES;
				CLANG_ENABLE_OBJC_WEAK = YES;
				CLANG_WARN_BLOCK_CAPTURE_AUTORELEASING = YES;
				CLANG_WARN_BOOL_CONVERSION = YES;
				CLANG_WARN_COMMA = YES;
				CLANG_WARN_CONSTANT_CONVERSION = YES;
				CLANG_WARN_DEPRECATED_OBJC_IMPLEMENTATIONS = YES;
				CLANG_WARN_DIRECT_OBJC_ISA_USAGE = YES_ERROR;
				CLANG_WARN_DOCUMENTATION_COMMENTS = YES;
				CLANG_WARN_EMPTY_BODY = YES;
				CLANG_WARN_ENUM_CONVERSION = YES;
				CLANG_WARN_INFINITE_RECURSION = YES;
				CLANG_WARN_INT_CONVERSION = YES;
				CLANG_WARN_NON_LITERAL_NULL_CONVERSION = YES;
				CLANG_WARN_OBJC_IMPLICIT_RETAIN_SELF = YES;
				CLANG_WARN_OBJC_LITERAL_CONVERSION = YES;
				CLANG_WARN_OBJC_ROOT_CLASS = YES_ERROR;
				CLANG_WARN_RANGE_LOOP_ANALYSIS = YES;
				CLANG_WARN_STRICT_PROTOTYPES = YES;
				CLANG_WARN_SUSPICIOUS_MOVE = YES;
				CLANG_WARN_UNGUARDED_AVAILABILITY = YES_AGGRESSIVE;
				CLANG_WARN_UNREACHABLE_CODE = YES;
				CLANG_WARN__DUPLICATE_METHOD_MATCH = YES;
				COPY_PHASE_STRIP = NO;
				DEBUG_INFORMATION_FORMAT = "dwarf-with-dsym";
				ENABLE_NS_ASSERTIONS = NO;
				ENABLE_STRICT_OBJC_MSGSEND = YES;
				GCC_C_LANGUAGE_STANDARD = gnu11;
				GCC_NO_COMMON_BLOCKS = YES;
				GCC_WARN_64_TO_32_BIT_CONVERSION = YES;
				GCC_WARN_ABOUT_RETURN_TYPE = YES_ERROR;
				GCC_WARN_UNDECLARED_SELECTOR = YES;
				GCC_WARN_UNINITIALIZED_AUTOS = YES_AGGRESSIVE;
				GCC_WARN_UNUSED_FUNCTION = YES;
				GCC_WARN_UNUSED_VARIABLE = YES;
				IPHONEOS_DEPLOYMENT_TARGET = 13.2;
				MTL_ENABLE_DEBUG_INFO = NO;
				MTL_FAST_MATH = YES;
				SDKROOT = iphoneos;
				SWIFT_COMPILATION_MODE = wholemodule;
				SWIFT_OPTIMIZATION_LEVEL = "-O";
				VALIDATE_PRODUCT = YES;
			};
			name = Release;
		};
		7F00C588248338FE008B69B5 /* Debug */ = {
			isa = XCBuildConfiguration;
			buildSettings = {
				ASSETCATALOG_COMPILER_APPICON_NAME = AppIcon;
				CODE_SIGN_STYLE = Automatic;
				DEVELOPMENT_TEAM = NW38BS9W22;
				INFOPLIST_FILE = Notes/Info.plist;
				LD_RUNPATH_SEARCH_PATHS = (
					"$(inherited)",
					"@executable_path/Frameworks",
				);
				PRODUCT_BUNDLE_IDENTIFIER = com.example.yama9112.Notes;
				PRODUCT_NAME = "$(TARGET_NAME)";
				SWIFT_VERSION = 5.0;
				TARGETED_DEVICE_FAMILY = "1,2";
			};
			name = Debug;
		};
		7F00C589248338FE008B69B5 /* Release */ = {
			isa = XCBuildConfiguration;
			buildSettings = {
				ASSETCATALOG_COMPILER_APPICON_NAME = AppIcon;
				CODE_SIGN_STYLE = Automatic;
				DEVELOPMENT_TEAM = NW38BS9W22;
				INFOPLIST_FILE = Notes/Info.plist;
				LD_RUNPATH_SEARCH_PATHS = (
					"$(inherited)",
					"@executable_path/Frameworks",
				);
				PRODUCT_BUNDLE_IDENTIFIER = com.example.yama9112.Notes;
				PRODUCT_NAME = "$(TARGET_NAME)";
				SWIFT_VERSION = 5.0;
				TARGETED_DEVICE_FAMILY = "1,2";
			};
			name = Release;
		};
		7F00C58B248338FE008B69B5 /* Debug */ = {
			isa = XCBuildConfiguration;
			buildSettings = {
				ALWAYS_EMBED_SWIFT_STANDARD_LIBRARIES = YES;
				BUNDLE_LOADER = "$(TEST_HOST)";
				CODE_SIGN_STYLE = Automatic;
				DEVELOPMENT_TEAM = NW38BS9W22;
				INFOPLIST_FILE = NotesTests/Info.plist;
				IPHONEOS_DEPLOYMENT_TARGET = 13.2;
				LD_RUNPATH_SEARCH_PATHS = (
					"$(inherited)",
					"@executable_path/Frameworks",
					"@loader_path/Frameworks",
				);
				PRODUCT_BUNDLE_IDENTIFIER = com.example.yama9112.NotesTests;
				PRODUCT_NAME = "$(TARGET_NAME)";
				SWIFT_VERSION = 5.0;
				TARGETED_DEVICE_FAMILY = "1,2";
				TEST_HOST = "$(BUILT_PRODUCTS_DIR)/Notes.app/Notes";
			};
			name = Debug;
		};
		7F00C58C248338FE008B69B5 /* Release */ = {
			isa = XCBuildConfiguration;
			buildSettings = {
				ALWAYS_EMBED_SWIFT_STANDARD_LIBRARIES = YES;
				BUNDLE_LOADER = "$(TEST_HOST)";
				CODE_SIGN_STYLE = Automatic;
				DEVELOPMENT_TEAM = NW38BS9W22;
				INFOPLIST_FILE = NotesTests/Info.plist;
				IPHONEOS_DEPLOYMENT_TARGET = 13.2;
				LD_RUNPATH_SEARCH_PATHS = (
					"$(inherited)",
					"@executable_path/Frameworks",
					"@loader_path/Frameworks",
				);
				PRODUCT_BUNDLE_IDENTIFIER = com.example.yama9112.NotesTests;
				PRODUCT_NAME = "$(TARGET_NAME)";
				SWIFT_VERSION = 5.0;
				TARGETED_DEVICE_FAMILY = "1,2";
				TEST_HOST = "$(BUILT_PRODUCTS_DIR)/Notes.app/Notes";
			};
			name = Release;
		};
		7F00C58E248338FE008B69B5 /* Debug */ = {
			isa = XCBuildConfiguration;
			buildSettings = {
				ALWAYS_EMBED_SWIFT_STANDARD_LIBRARIES = YES;
				CODE_SIGN_STYLE = Automatic;
				DEVELOPMENT_TEAM = NW38BS9W22;
				INFOPLIST_FILE = NotesUITests/Info.plist;
				LD_RUNPATH_SEARCH_PATHS = (
					"$(inherited)",
					"@executable_path/Frameworks",
					"@loader_path/Frameworks",
				);
				PRODUCT_BUNDLE_IDENTIFIER = com.example.yama9112.NotesUITests;
				PRODUCT_NAME = "$(TARGET_NAME)";
				SWIFT_VERSION = 5.0;
				TARGETED_DEVICE_FAMILY = "1,2";
				TEST_TARGET_NAME = Notes;
			};
			name = Debug;
		};
		7F00C58F248338FE008B69B5 /* Release */ = {
			isa = XCBuildConfiguration;
			buildSettings = {
				ALWAYS_EMBED_SWIFT_STANDARD_LIBRARIES = YES;
				CODE_SIGN_STYLE = Automatic;
				DEVELOPMENT_TEAM = NW38BS9W22;
				INFOPLIST_FILE = NotesUITests/Info.plist;
				LD_RUNPATH_SEARCH_PATHS = (
					"$(inherited)",
					"@executable_path/Frameworks",
					"@loader_path/Frameworks",
				);
				PRODUCT_BUNDLE_IDENTIFIER = com.example.yama9112.NotesUITests;
				PRODUCT_NAME = "$(TARGET_NAME)";
				SWIFT_VERSION = 5.0;
				TARGETED_DEVICE_FAMILY = "1,2";
				TEST_TARGET_NAME = Notes;
			};
			name = Release;
		};
/* End XCBuildConfiguration section */

/* Begin XCConfigurationList section */
		7F00C558248338FC008B69B5 /* Build configuration list for PBXProject "Notes" */ = {
			isa = XCConfigurationList;
			buildConfigurations = (
				7F00C585248338FE008B69B5 /* Debug */,
				7F00C586248338FE008B69B5 /* Release */,
			);
			defaultConfigurationIsVisible = 0;
			defaultConfigurationName = Release;
		};
		7F00C587248338FE008B69B5 /* Build configuration list for PBXNativeTarget "Notes" */ = {
			isa = XCConfigurationList;
			buildConfigurations = (
				7F00C588248338FE008B69B5 /* Debug */,
				7F00C589248338FE008B69B5 /* Release */,
			);
			defaultConfigurationIsVisible = 0;
			defaultConfigurationName = Release;
		};
		7F00C58A248338FE008B69B5 /* Build configuration list for PBXNativeTarget "NotesTests" */ = {
			isa = XCConfigurationList;
			buildConfigurations = (
				7F00C58B248338FE008B69B5 /* Debug */,
				7F00C58C248338FE008B69B5 /* Release */,
			);
			defaultConfigurationIsVisible = 0;
			defaultConfigurationName = Release;
		};
		7F00C58D248338FE008B69B5 /* Build configuration list for PBXNativeTarget "NotesUITests" */ = {
			isa = XCConfigurationList;
			buildConfigurations = (
				7F00C58E248338FE008B69B5 /* Debug */,
				7F00C58F248338FE008B69B5 /* Release */,
			);
			defaultConfigurationIsVisible = 0;
			defaultConfigurationName = Release;
		};
/* End XCConfigurationList section */
	};
	rootObject = 7F00C555248338FC008B69B5 /* Project object */;
}
